// !$*UTF8*$!
{
	archiveVersion = 1;
	classes = {
	};
	objectVersion = 46;
	objects = {

/* Begin PBXBuildFile section */
		05F44679AC4C18478984AA63 /* Pods_Inbox.framework in Frameworks */ = {isa = PBXBuildFile; fileRef = 0A18FE8FEF5AE47892782B73 /* Pods_Inbox.framework */; };
		FC06CD0F1DF0ADA500C04162 /* Conversation+CoreDataProperties.swift in Sources */ = {isa = PBXBuildFile; fileRef = FC06CD0E1DF0ADA500C04162 /* Conversation+CoreDataProperties.swift */; };
		FC06CD121DF0B1A200C04162 /* SelectParticipantsViewController.swift in Sources */ = {isa = PBXBuildFile; fileRef = FC06CD111DF0B1A200C04162 /* SelectParticipantsViewController.swift */; };
		FC115EA21E26C514006AB6FB /* .gitignore in Resources */ = {isa = PBXBuildFile; fileRef = FC115EA11E26C514006AB6FB /* .gitignore */; };
		FC115EA41E26C776006AB6FB /* Info.plist in Resources */ = {isa = PBXBuildFile; fileRef = FC115EA31E26C776006AB6FB /* Info.plist */; };
		FC115EA61E26CB4E006AB6FB /* GoogleService-Info.plist in Resources */ = {isa = PBXBuildFile; fileRef = FC115EA51E26CB4E006AB6FB /* GoogleService-Info.plist */; };
		FC115EA81E26CFC2006AB6FB /* FirebaseService.swift in Sources */ = {isa = PBXBuildFile; fileRef = FC115EA71E26CFC2006AB6FB /* FirebaseService.swift */; };
		FC1547621DED57CC009037ED /* Contact+CoreDataClass.swift in Sources */ = {isa = PBXBuildFile; fileRef = FC1547601DED57CC009037ED /* Contact+CoreDataClass.swift */; };
		FC43E22C1E01E358002110E5 /* SignUpViewController.swift in Sources */ = {isa = PBXBuildFile; fileRef = FC43E22B1E01E358002110E5 /* SignUpViewController.swift */; };
		FC43E22E1E01F64D002110E5 /* RemoteStore.swift in Sources */ = {isa = PBXBuildFile; fileRef = FC43E22D1E01F64D002110E5 /* RemoteStore.swift */; };
		FC6E9A0D1DEE9FDA006EDFE2 /* Message+CoreDataProperties.swift in Sources */ = {isa = PBXBuildFile; fileRef = FC6E9A0B1DEE9FDA006EDFE2 /* Message+CoreDataProperties.swift */; };
		FC6E9A0F1DEFCADC006EDFE2 /* NewGroupViewController.swift in Sources */ = {isa = PBXBuildFile; fileRef = FC6E9A0E1DEFCADC006EDFE2 /* NewGroupViewController.swift */; };
		FC7F230A1DF273950086F375 /* ContactImporter.swift in Sources */ = {isa = PBXBuildFile; fileRef = FC7F23091DF273950086F375 /* ContactImporter.swift */; };
		FC7F23471DF2ACF50086F375 /* PhoneNumber+CoreDataClass.swift in Sources */ = {isa = PBXBuildFile; fileRef = FC7F23441DF2ACF50086F375 /* PhoneNumber+CoreDataClass.swift */; };
		FC7F234A1DF33CCC0086F375 /* ContextViewController.swift in Sources */ = {isa = PBXBuildFile; fileRef = FC7F23491DF33CCC0086F375 /* ContextViewController.swift */; };
		FC7F234C1DF35B740086F375 /* ContactsViewController.swift in Sources */ = {isa = PBXBuildFile; fileRef = FC7F234B1DF35B740086F375 /* ContactsViewController.swift */; };
		FC7F234E1DF369F40086F375 /* UITableViewFetchedResutsController.swift in Sources */ = {isa = PBXBuildFile; fileRef = FC7F234D1DF369F40086F375 /* UITableViewFetchedResutsController.swift */; };
		FC7F23501DF37D520086F375 /* ContactSearchResultsViewController.swift in Sources */ = {isa = PBXBuildFile; fileRef = FC7F234F1DF37D520086F375 /* ContactSearchResultsViewController.swift */; };
		FC7F23521DF38E9E0086F375 /* ContactSelector.swift in Sources */ = {isa = PBXBuildFile; fileRef = FC7F23511DF38E9E0086F375 /* ContactSelector.swift */; };
		FC7F23541DF39F9F0086F375 /* ContextSynchronizer.swift in Sources */ = {isa = PBXBuildFile; fileRef = FC7F23531DF39F9F0086F375 /* ContextSynchronizer.swift */; };
		FC7F23561DF40C8B0086F375 /* FavoriteCell.swift in Sources */ = {isa = PBXBuildFile; fileRef = FC7F23551DF40C8B0086F375 /* FavoriteCell.swift */; };
		FC7F23581DF411580086F375 /* FavoritesViewController.swift in Sources */ = {isa = PBXBuildFile; fileRef = FC7F23571DF411580086F375 /* FavoritesViewController.swift */; };
		FC7F235B1DF41CD80086F375 /* PhoneNumber+CoreDataProperties.swift in Sources */ = {isa = PBXBuildFile; fileRef = FC7F23591DF41CD80086F375 /* PhoneNumber+CoreDataProperties.swift */; };
		FC7F235C1DF41CD80086F375 /* Contact+CoreDataProperties.swift in Sources */ = {isa = PBXBuildFile; fileRef = FC7F235A1DF41CD80086F375 /* Contact+CoreDataProperties.swift */; };
		FC85E4381DE3DB48004AE574 /* AppDelegate.swift in Sources */ = {isa = PBXBuildFile; fileRef = FC85E4371DE3DB48004AE574 /* AppDelegate.swift */; };
		FC85E43A1DE3DB48004AE574 /* MessageViewController.swift in Sources */ = {isa = PBXBuildFile; fileRef = FC85E4391DE3DB48004AE574 /* MessageViewController.swift */; };
		FC85E43D1DE3DB48004AE574 /* Main.storyboard in Resources */ = {isa = PBXBuildFile; fileRef = FC85E43B1DE3DB48004AE574 /* Main.storyboard */; };
		FC85E43F1DE3DB48004AE574 /* Assets.xcassets in Resources */ = {isa = PBXBuildFile; fileRef = FC85E43E1DE3DB48004AE574 /* Assets.xcassets */; };
		FC85E4421DE3DB48004AE574 /* LaunchScreen.storyboard in Resources */ = {isa = PBXBuildFile; fileRef = FC85E4401DE3DB48004AE574 /* LaunchScreen.storyboard */; };
		FC85E44F1DE4B715004AE574 /* MessageCell.swift in Sources */ = {isa = PBXBuildFile; fileRef = FC85E44E1DE4B715004AE574 /* MessageCell.swift */; };
		FC85E4511DE4D1B7004AE574 /* BubbleImageView.swift in Sources */ = {isa = PBXBuildFile; fileRef = FC85E4501DE4D1B7004AE574 /* BubbleImageView.swift */; };
		FC85E4581DE6362A004AE574 /* UITableView+Scroll.swift in Sources */ = {isa = PBXBuildFile; fileRef = FC85E4571DE6362A004AE574 /* UITableView+Scroll.swift */; };
		FC85E45B1DE7A314004AE574 /* CoreDataHelper.swift in Sources */ = {isa = PBXBuildFile; fileRef = FC85E45A1DE7A314004AE574 /* CoreDataHelper.swift */; };
		FC85E45E1DE7B2F8004AE574 /* Model.xcdatamodeld in Sources */ = {isa = PBXBuildFile; fileRef = FC85E45C1DE7B2F8004AE574 /* Model.xcdatamodeld */; };
		FC85E4691DECA4AE004AE574 /* Conversation+CoreDataClass.swift in Sources */ = {isa = PBXBuildFile; fileRef = FC85E4651DECA4AE004AE574 /* Conversation+CoreDataClass.swift */; };
		FC85E46D1DECA4F3004AE574 /* Message+CoreDataClass.swift in Sources */ = {isa = PBXBuildFile; fileRef = FC85E46B1DECA4F3004AE574 /* Message+CoreDataClass.swift */; };
		FC85E4701DECACDB004AE574 /* ConversationCell.swift in Sources */ = {isa = PBXBuildFile; fileRef = FC85E46F1DECACDB004AE574 /* ConversationCell.swift */; };
		FC85E4721DECDB20004AE574 /* AllConversationsViewController.swift in Sources */ = {isa = PBXBuildFile; fileRef = FC85E4711DECDB20004AE574 /* AllConversationsViewController.swift */; };
		FCDE7C0C1DED6D670049F1D0 /* NewConversationViewController.swift in Sources */ = {isa = PBXBuildFile; fileRef = FCDE7C0B1DED6D670049F1D0 /* NewConversationViewController.swift */; };
		FCDE7C0E1DEDDB0A0049F1D0 /* UITableViewFetchedResultsDelegate.swift in Sources */ = {isa = PBXBuildFile; fileRef = FCDE7C0D1DEDDB0A0049F1D0 /* UITableViewFetchedResultsDelegate.swift */; };
		FCDE7C101DEDE7DD0049F1D0 /* UIViewController+SetupMainView.swift in Sources */ = {isa = PBXBuildFile; fileRef = FCDE7C0F1DEDE7DD0049F1D0 /* UIViewController+SetupMainView.swift */; };
		FCDE7C1B1DEE41C80049F1D0 /* ConversationBeganDelegate.swift in Sources */ = {isa = PBXBuildFile; fileRef = FCDE7C1A1DEE41C80049F1D0 /* ConversationBeganDelegate.swift */; };
/* End PBXBuildFile section */

/* Begin PBXFileReference section */
		0A18FE8FEF5AE47892782B73 /* Pods_Inbox.framework */ = {isa = PBXFileReference; explicitFileType = wrapper.framework; includeInIndex = 0; path = Pods_Inbox.framework; sourceTree = BUILT_PRODUCTS_DIR; };
		CF094B809D543E69C1F253B7 /* Pods-Inbox.debug.xcconfig */ = {isa = PBXFileReference; includeInIndex = 1; lastKnownFileType = text.xcconfig; name = "Pods-Inbox.debug.xcconfig"; path = "Pods/Target Support Files/Pods-Inbox/Pods-Inbox.debug.xcconfig"; sourceTree = "<group>"; };
		E7F1682B84D012C883309464 /* Pods-Inbox.release.xcconfig */ = {isa = PBXFileReference; includeInIndex = 1; lastKnownFileType = text.xcconfig; name = "Pods-Inbox.release.xcconfig"; path = "Pods/Target Support Files/Pods-Inbox/Pods-Inbox.release.xcconfig"; sourceTree = "<group>"; };
		FC06CD0E1DF0ADA500C04162 /* Conversation+CoreDataProperties.swift */ = {isa = PBXFileReference; fileEncoding = 4; lastKnownFileType = sourcecode.swift; name = "Conversation+CoreDataProperties.swift"; path = "../Conversation+CoreDataProperties.swift"; sourceTree = "<group>"; };
		FC06CD111DF0B1A200C04162 /* SelectParticipantsViewController.swift */ = {isa = PBXFileReference; fileEncoding = 4; lastKnownFileType = sourcecode.swift; path = SelectParticipantsViewController.swift; sourceTree = "<group>"; };
		FC115EA11E26C514006AB6FB /* .gitignore */ = {isa = PBXFileReference; fileEncoding = 4; lastKnownFileType = text; path = .gitignore; sourceTree = "<group>"; };
		FC115EA31E26C776006AB6FB /* Info.plist */ = {isa = PBXFileReference; fileEncoding = 4; lastKnownFileType = text.plist.xml; path = Info.plist; sourceTree = "<group>"; };
		FC115EA51E26CB4E006AB6FB /* GoogleService-Info.plist */ = {isa = PBXFileReference; fileEncoding = 4; lastKnownFileType = text.plist.xml; path = "GoogleService-Info.plist"; sourceTree = "<group>"; };
		FC115EA71E26CFC2006AB6FB /* FirebaseService.swift */ = {isa = PBXFileReference; fileEncoding = 4; lastKnownFileType = sourcecode.swift; path = FirebaseService.swift; sourceTree = "<group>"; };
		FC1547601DED57CC009037ED /* Contact+CoreDataClass.swift */ = {isa = PBXFileReference; fileEncoding = 4; lastKnownFileType = sourcecode.swift; name = "Contact+CoreDataClass.swift"; path = "../Contact+CoreDataClass.swift"; sourceTree = "<group>"; };
		FC43E22B1E01E358002110E5 /* SignUpViewController.swift */ = {isa = PBXFileReference; fileEncoding = 4; lastKnownFileType = sourcecode.swift; path = SignUpViewController.swift; sourceTree = "<group>"; };
		FC43E22D1E01F64D002110E5 /* RemoteStore.swift */ = {isa = PBXFileReference; fileEncoding = 4; lastKnownFileType = sourcecode.swift; path = RemoteStore.swift; sourceTree = "<group>"; };
		FC6E9A0B1DEE9FDA006EDFE2 /* Message+CoreDataProperties.swift */ = {isa = PBXFileReference; fileEncoding = 4; lastKnownFileType = sourcecode.swift; name = "Message+CoreDataProperties.swift"; path = "../Message+CoreDataProperties.swift"; sourceTree = "<group>"; };
		FC6E9A0E1DEFCADC006EDFE2 /* NewGroupViewController.swift */ = {isa = PBXFileReference; fileEncoding = 4; lastKnownFileType = sourcecode.swift; path = NewGroupViewController.swift; sourceTree = "<group>"; };
		FC7F23091DF273950086F375 /* ContactImporter.swift */ = {isa = PBXFileReference; fileEncoding = 4; lastKnownFileType = sourcecode.swift; path = ContactImporter.swift; sourceTree = "<group>"; };
		FC7F23441DF2ACF50086F375 /* PhoneNumber+CoreDataClass.swift */ = {isa = PBXFileReference; fileEncoding = 4; lastKnownFileType = sourcecode.swift; name = "PhoneNumber+CoreDataClass.swift"; path = "../PhoneNumber+CoreDataClass.swift"; sourceTree = "<group>"; };
		FC7F23491DF33CCC0086F375 /* ContextViewController.swift */ = {isa = PBXFileReference; fileEncoding = 4; lastKnownFileType = sourcecode.swift; path = ContextViewController.swift; sourceTree = "<group>"; };
		FC7F234B1DF35B740086F375 /* ContactsViewController.swift */ = {isa = PBXFileReference; fileEncoding = 4; lastKnownFileType = sourcecode.swift; path = ContactsViewController.swift; sourceTree = "<group>"; };
		FC7F234D1DF369F40086F375 /* UITableViewFetchedResutsController.swift */ = {isa = PBXFileReference; fileEncoding = 4; lastKnownFileType = sourcecode.swift; path = UITableViewFetchedResutsController.swift; sourceTree = "<group>"; };
		FC7F234F1DF37D520086F375 /* ContactSearchResultsViewController.swift */ = {isa = PBXFileReference; fileEncoding = 4; lastKnownFileType = sourcecode.swift; path = ContactSearchResultsViewController.swift; sourceTree = "<group>"; };
		FC7F23511DF38E9E0086F375 /* ContactSelector.swift */ = {isa = PBXFileReference; fileEncoding = 4; lastKnownFileType = sourcecode.swift; path = ContactSelector.swift; sourceTree = "<group>"; };
		FC7F23531DF39F9F0086F375 /* ContextSynchronizer.swift */ = {isa = PBXFileReference; fileEncoding = 4; lastKnownFileType = sourcecode.swift; path = ContextSynchronizer.swift; sourceTree = "<group>"; };
		FC7F23551DF40C8B0086F375 /* FavoriteCell.swift */ = {isa = PBXFileReference; fileEncoding = 4; lastKnownFileType = sourcecode.swift; path = FavoriteCell.swift; sourceTree = "<group>"; };
		FC7F23571DF411580086F375 /* FavoritesViewController.swift */ = {isa = PBXFileReference; fileEncoding = 4; lastKnownFileType = sourcecode.swift; path = FavoritesViewController.swift; sourceTree = "<group>"; };
		FC7F23591DF41CD80086F375 /* PhoneNumber+CoreDataProperties.swift */ = {isa = PBXFileReference; fileEncoding = 4; lastKnownFileType = sourcecode.swift; name = "PhoneNumber+CoreDataProperties.swift"; path = "../PhoneNumber+CoreDataProperties.swift"; sourceTree = "<group>"; };
		FC7F235A1DF41CD80086F375 /* Contact+CoreDataProperties.swift */ = {isa = PBXFileReference; fileEncoding = 4; lastKnownFileType = sourcecode.swift; name = "Contact+CoreDataProperties.swift"; path = "../Contact+CoreDataProperties.swift"; sourceTree = "<group>"; };
		FC85E4341DE3DB48004AE574 /* Inbox.app */ = {isa = PBXFileReference; explicitFileType = wrapper.application; includeInIndex = 0; path = Inbox.app; sourceTree = BUILT_PRODUCTS_DIR; };
		FC85E4371DE3DB48004AE574 /* AppDelegate.swift */ = {isa = PBXFileReference; lastKnownFileType = sourcecode.swift; path = AppDelegate.swift; sourceTree = "<group>"; };
		FC85E4391DE3DB48004AE574 /* MessageViewController.swift */ = {isa = PBXFileReference; lastKnownFileType = sourcecode.swift; path = MessageViewController.swift; sourceTree = "<group>"; };
		FC85E43C1DE3DB48004AE574 /* Base */ = {isa = PBXFileReference; lastKnownFileType = file.storyboard; name = Base; path = Base.lproj/Main.storyboard; sourceTree = "<group>"; };
		FC85E43E1DE3DB48004AE574 /* Assets.xcassets */ = {isa = PBXFileReference; lastKnownFileType = folder.assetcatalog; path = Assets.xcassets; sourceTree = "<group>"; };
		FC85E4411DE3DB48004AE574 /* Base */ = {isa = PBXFileReference; lastKnownFileType = file.storyboard; name = Base; path = Base.lproj/LaunchScreen.storyboard; sourceTree = "<group>"; };
		FC85E44E1DE4B715004AE574 /* MessageCell.swift */ = {isa = PBXFileReference; fileEncoding = 4; lastKnownFileType = sourcecode.swift; path = MessageCell.swift; sourceTree = "<group>"; };
		FC85E4501DE4D1B7004AE574 /* BubbleImageView.swift */ = {isa = PBXFileReference; fileEncoding = 4; lastKnownFileType = sourcecode.swift; path = BubbleImageView.swift; sourceTree = "<group>"; };
		FC85E4571DE6362A004AE574 /* UITableView+Scroll.swift */ = {isa = PBXFileReference; fileEncoding = 4; lastKnownFileType = sourcecode.swift; path = "UITableView+Scroll.swift"; sourceTree = "<group>"; };
		FC85E45A1DE7A314004AE574 /* CoreDataHelper.swift */ = {isa = PBXFileReference; fileEncoding = 4; lastKnownFileType = sourcecode.swift; path = CoreDataHelper.swift; sourceTree = "<group>"; };
		FC85E45D1DE7B2F8004AE574 /* Model.xcdatamodel */ = {isa = PBXFileReference; lastKnownFileType = wrapper.xcdatamodel; path = Model.xcdatamodel; sourceTree = "<group>"; };
		FC85E4651DECA4AE004AE574 /* Conversation+CoreDataClass.swift */ = {isa = PBXFileReference; fileEncoding = 4; lastKnownFileType = sourcecode.swift; name = "Conversation+CoreDataClass.swift"; path = "../Conversation+CoreDataClass.swift"; sourceTree = "<group>"; };
		FC85E46B1DECA4F3004AE574 /* Message+CoreDataClass.swift */ = {isa = PBXFileReference; fileEncoding = 4; lastKnownFileType = sourcecode.swift; name = "Message+CoreDataClass.swift"; path = "../Message+CoreDataClass.swift"; sourceTree = "<group>"; };
		FC85E46F1DECACDB004AE574 /* ConversationCell.swift */ = {isa = PBXFileReference; fileEncoding = 4; lastKnownFileType = sourcecode.swift; path = ConversationCell.swift; sourceTree = "<group>"; };
		FC85E4711DECDB20004AE574 /* AllConversationsViewController.swift */ = {isa = PBXFileReference; fileEncoding = 4; lastKnownFileType = sourcecode.swift; path = AllConversationsViewController.swift; sourceTree = "<group>"; };
		FCDE7C0B1DED6D670049F1D0 /* NewConversationViewController.swift */ = {isa = PBXFileReference; fileEncoding = 4; lastKnownFileType = sourcecode.swift; path = NewConversationViewController.swift; sourceTree = "<group>"; };
		FCDE7C0D1DEDDB0A0049F1D0 /* UITableViewFetchedResultsDelegate.swift */ = {isa = PBXFileReference; fileEncoding = 4; lastKnownFileType = sourcecode.swift; path = UITableViewFetchedResultsDelegate.swift; sourceTree = "<group>"; };
		FCDE7C0F1DEDE7DD0049F1D0 /* UIViewController+SetupMainView.swift */ = {isa = PBXFileReference; fileEncoding = 4; lastKnownFileType = sourcecode.swift; path = "UIViewController+SetupMainView.swift"; sourceTree = "<group>"; };
		FCDE7C1A1DEE41C80049F1D0 /* ConversationBeganDelegate.swift */ = {isa = PBXFileReference; fileEncoding = 4; lastKnownFileType = sourcecode.swift; path = ConversationBeganDelegate.swift; sourceTree = "<group>"; };
/* End PBXFileReference section */

/* Begin PBXFrameworksBuildPhase section */
		FC85E4311DE3DB48004AE574 /* Frameworks */ = {
			isa = PBXFrameworksBuildPhase;
			buildActionMask = 2147483647;
			files = (
				05F44679AC4C18478984AA63 /* Pods_Inbox.framework in Frameworks */,
			);
			runOnlyForDeploymentPostprocessing = 0;
		};
/* End PBXFrameworksBuildPhase section */

/* Begin PBXGroup section */
		15592178772A11179F64C6E2 /* Pods */ = {
			isa = PBXGroup;
			children = (
				CF094B809D543E69C1F253B7 /* Pods-Inbox.debug.xcconfig */,
				E7F1682B84D012C883309464 /* Pods-Inbox.release.xcconfig */,
			);
			name = Pods;
			sourceTree = "<group>";
		};
		55965907031662A04FE1D922 /* Frameworks */ = {
			isa = PBXGroup;
			children = (
				0A18FE8FEF5AE47892782B73 /* Pods_Inbox.framework */,
			);
			name = Frameworks;
			sourceTree = "<group>";
		};
		FC115EA01E26C272006AB6FB /* Frameworks */ = {
			isa = PBXGroup;
			children = (
			);
			name = Frameworks;
			sourceTree = "<group>";
		};
		FC85E42B1DE3DB48004AE574 = {
			isa = PBXGroup;
			children = (
				FC115EA11E26C514006AB6FB /* .gitignore */,
				FC85E4361DE3DB48004AE574 /* Inbox */,
				FC85E4351DE3DB48004AE574 /* Products */,
				15592178772A11179F64C6E2 /* Pods */,
				55965907031662A04FE1D922 /* Frameworks */,
			);
			sourceTree = "<group>";
		};
		FC85E4351DE3DB48004AE574 /* Products */ = {
			isa = PBXGroup;
			children = (
				FC85E4341DE3DB48004AE574 /* Inbox.app */,
			);
			name = Products;
			sourceTree = "<group>";
		};
		FC85E4361DE3DB48004AE574 /* Inbox */ = {
			isa = PBXGroup;
			children = (
				FC115EA01E26C272006AB6FB /* Frameworks */,
				FCDE7C191DEE419C0049F1D0 /* Protocols */,
				FC85E4591DE63B20004AE574 /* Resources */,
				FC85E4561DE6360A004AE574 /* Extensions */,
				FC85E44B1DE4B2D9004AE574 /* Views */,
				FC85E44A1DE4B2CE004AE574 /* Models */,
				FC85E4491DE4B2C6004AE574 /* Controllers */,
				FC85E4371DE3DB48004AE574 /* AppDelegate.swift */,
				FC85E43B1DE3DB48004AE574 /* Main.storyboard */,
				FC85E4401DE3DB48004AE574 /* LaunchScreen.storyboard */,
				FC85E43E1DE3DB48004AE574 /* Assets.xcassets */,
				FC115EA51E26CB4E006AB6FB /* GoogleService-Info.plist */,
				FC115EA31E26C776006AB6FB /* Info.plist */,
			);
			path = Inbox;
			sourceTree = "<group>";
		};
		FC85E4491DE4B2C6004AE574 /* Controllers */ = {
			isa = PBXGroup;
			children = (
				FC85E4391DE3DB48004AE574 /* MessageViewController.swift */,
				FC85E4711DECDB20004AE574 /* AllConversationsViewController.swift */,
				FCDE7C0B1DED6D670049F1D0 /* NewConversationViewController.swift */,
				FC6E9A0E1DEFCADC006EDFE2 /* NewGroupViewController.swift */,
				FC06CD111DF0B1A200C04162 /* SelectParticipantsViewController.swift */,
				FC7F234B1DF35B740086F375 /* ContactsViewController.swift */,
				FC7F234F1DF37D520086F375 /* ContactSearchResultsViewController.swift */,
				FC7F23571DF411580086F375 /* FavoritesViewController.swift */,
				FC43E22B1E01E358002110E5 /* SignUpViewController.swift */,
			);
			name = Controllers;
			sourceTree = "<group>";
		};
		FC85E44A1DE4B2CE004AE574 /* Models */ = {
			isa = PBXGroup;
			children = (
				FC7F23591DF41CD80086F375 /* PhoneNumber+CoreDataProperties.swift */,
				FC7F23441DF2ACF50086F375 /* PhoneNumber+CoreDataClass.swift */,
				FC7F235A1DF41CD80086F375 /* Contact+CoreDataProperties.swift */,
				FC1547601DED57CC009037ED /* Contact+CoreDataClass.swift */,
				FC6E9A0B1DEE9FDA006EDFE2 /* Message+CoreDataProperties.swift */,
				FC85E46B1DECA4F3004AE574 /* Message+CoreDataClass.swift */,
				FC06CD0E1DF0ADA500C04162 /* Conversation+CoreDataProperties.swift */,
				FC85E4651DECA4AE004AE574 /* Conversation+CoreDataClass.swift */,
				FC85E45C1DE7B2F8004AE574 /* Model.xcdatamodeld */,
				FC7F23091DF273950086F375 /* ContactImporter.swift */,
				FC7F23531DF39F9F0086F375 /* ContextSynchronizer.swift */,
				FC115EA71E26CFC2006AB6FB /* FirebaseService.swift */,
			);
			name = Models;
			sourceTree = "<group>";
		};
		FC85E44B1DE4B2D9004AE574 /* Views */ = {
			isa = PBXGroup;
			children = (
				FC85E44E1DE4B715004AE574 /* MessageCell.swift */,
				FC85E4501DE4D1B7004AE574 /* BubbleImageView.swift */,
				FC85E46F1DECACDB004AE574 /* ConversationCell.swift */,
				FC7F23551DF40C8B0086F375 /* FavoriteCell.swift */,
			);
			name = Views;
			sourceTree = "<group>";
		};
		FC85E4561DE6360A004AE574 /* Extensions */ = {
			isa = PBXGroup;
			children = (
				FC85E4571DE6362A004AE574 /* UITableView+Scroll.swift */,
				FCDE7C0F1DEDE7DD0049F1D0 /* UIViewController+SetupMainView.swift */,
			);
			name = Extensions;
			sourceTree = "<group>";
		};
		FC85E4591DE63B20004AE574 /* Resources */ = {
			isa = PBXGroup;
			children = (
				FC85E45A1DE7A314004AE574 /* CoreDataHelper.swift */,
			);
			name = Resources;
			sourceTree = "<group>";
		};
		FCDE7C191DEE419C0049F1D0 /* Protocols */ = {
			isa = PBXGroup;
			children = (
				FCDE7C0D1DEDDB0A0049F1D0 /* UITableViewFetchedResultsDelegate.swift */,
				FCDE7C1A1DEE41C80049F1D0 /* ConversationBeganDelegate.swift */,
				FC7F23491DF33CCC0086F375 /* ContextViewController.swift */,
				FC7F234D1DF369F40086F375 /* UITableViewFetchedResutsController.swift */,
				FC7F23511DF38E9E0086F375 /* ContactSelector.swift */,
				FC43E22D1E01F64D002110E5 /* RemoteStore.swift */,
			);
			name = Protocols;
			sourceTree = "<group>";
		};
/* End PBXGroup section */

/* Begin PBXNativeTarget section */
		FC85E4331DE3DB48004AE574 /* Inbox */ = {
			isa = PBXNativeTarget;
			buildConfigurationList = FC85E4461DE3DB48004AE574 /* Build configuration list for PBXNativeTarget "Inbox" */;
			buildPhases = (
				CAE5E3632D19001546B4B879 /* [CP] Check Pods Manifest.lock */,
				FC85E4301DE3DB48004AE574 /* Sources */,
				FC85E4311DE3DB48004AE574 /* Frameworks */,
				FC85E4321DE3DB48004AE574 /* Resources */,
				CAA8DC1D8CAD95E9CE3FB98F /* [CP] Embed Pods Frameworks */,
				CBA483214F4F87768610DE52 /* [CP] Copy Pods Resources */,
			);
			buildRules = (
			);
			dependencies = (
			);
			name = Inbox;
			productName = Inbox;
			productReference = FC85E4341DE3DB48004AE574 /* Inbox.app */;
			productType = "com.apple.product-type.application";
		};
/* End PBXNativeTarget section */

/* Begin PBXProject section */
		FC85E42C1DE3DB48004AE574 /* Project object */ = {
			isa = PBXProject;
			attributes = {
				LastSwiftUpdateCheck = 0800;
				LastUpgradeCheck = 0800;
				ORGANIZATIONNAME = "Mikael Teklehaimanot";
				TargetAttributes = {
					FC85E4331DE3DB48004AE574 = {
						CreatedOnToolsVersion = 8.0;
						DevelopmentTeam = 89W2VT2ZMS;
						ProvisioningStyle = Automatic;
					};
				};
			};
			buildConfigurationList = FC85E42F1DE3DB48004AE574 /* Build configuration list for PBXProject "Inbox" */;
			compatibilityVersion = "Xcode 3.2";
			developmentRegion = English;
			hasScannedForEncodings = 0;
			knownRegions = (
				en,
				Base,
			);
			mainGroup = FC85E42B1DE3DB48004AE574;
			productRefGroup = FC85E4351DE3DB48004AE574 /* Products */;
			projectDirPath = "";
			projectRoot = "";
			targets = (
				FC85E4331DE3DB48004AE574 /* Inbox */,
			);
		};
/* End PBXProject section */

/* Begin PBXResourcesBuildPhase section */
		FC85E4321DE3DB48004AE574 /* Resources */ = {
			isa = PBXResourcesBuildPhase;
			buildActionMask = 2147483647;
			files = (
				FC115EA21E26C514006AB6FB /* .gitignore in Resources */,
				FC85E4421DE3DB48004AE574 /* LaunchScreen.storyboard in Resources */,
				FC85E43F1DE3DB48004AE574 /* Assets.xcassets in Resources */,
				FC115EA41E26C776006AB6FB /* Info.plist in Resources */,
				FC85E43D1DE3DB48004AE574 /* Main.storyboard in Resources */,
				FC115EA61E26CB4E006AB6FB /* GoogleService-Info.plist in Resources */,
			);
			runOnlyForDeploymentPostprocessing = 0;
		};
/* End PBXResourcesBuildPhase section */

/* Begin PBXShellScriptBuildPhase section */
		CAA8DC1D8CAD95E9CE3FB98F /* [CP] Embed Pods Frameworks */ = {
			isa = PBXShellScriptBuildPhase;
			buildActionMask = 2147483647;
			files = (
			);
			inputPaths = (
			);
			name = "[CP] Embed Pods Frameworks";
			outputPaths = (
			);
			runOnlyForDeploymentPostprocessing = 0;
			shellPath = /bin/sh;
			shellScript = "\"${SRCROOT}/Pods/Target Support Files/Pods-Inbox/Pods-Inbox-frameworks.sh\"\n";
			showEnvVarsInLog = 0;
		};
		CAE5E3632D19001546B4B879 /* [CP] Check Pods Manifest.lock */ = {
			isa = PBXShellScriptBuildPhase;
			buildActionMask = 2147483647;
			files = (
			);
			inputPaths = (
			);
			name = "[CP] Check Pods Manifest.lock";
			outputPaths = (
			);
			runOnlyForDeploymentPostprocessing = 0;
			shellPath = /bin/sh;
			shellScript = "diff \"${PODS_ROOT}/../Podfile.lock\" \"${PODS_ROOT}/Manifest.lock\" > /dev/null\nif [ $? != 0 ] ; then\n    # print error to STDERR\n    echo \"error: The sandbox is not in sync with the Podfile.lock. Run 'pod install' or update your CocoaPods installation.\" >&2\n    exit 1\nfi\n";
			showEnvVarsInLog = 0;
		};
		CBA483214F4F87768610DE52 /* [CP] Copy Pods Resources */ = {
			isa = PBXShellScriptBuildPhase;
			buildActionMask = 2147483647;
			files = (
			);
			inputPaths = (
			);
			name = "[CP] Copy Pods Resources";
			outputPaths = (
			);
			runOnlyForDeploymentPostprocessing = 0;
			shellPath = /bin/sh;
			shellScript = "\"${SRCROOT}/Pods/Target Support Files/Pods-Inbox/Pods-Inbox-resources.sh\"\n";
			showEnvVarsInLog = 0;
		};
/* End PBXShellScriptBuildPhase section */

/* Begin PBXSourcesBuildPhase section */
		FC85E4301DE3DB48004AE574 /* Sources */ = {
			isa = PBXSourcesBuildPhase;
			buildActionMask = 2147483647;
			files = (
				FC43E22C1E01E358002110E5 /* SignUpViewController.swift in Sources */,
				FC85E4511DE4D1B7004AE574 /* BubbleImageView.swift in Sources */,
				FC7F234C1DF35B740086F375 /* ContactsViewController.swift in Sources */,
				FCDE7C0E1DEDDB0A0049F1D0 /* UITableViewFetchedResultsDelegate.swift in Sources */,
				FC7F23501DF37D520086F375 /* ContactSearchResultsViewController.swift in Sources */,
				FC7F235C1DF41CD80086F375 /* Contact+CoreDataProperties.swift in Sources */,
				FCDE7C0C1DED6D670049F1D0 /* NewConversationViewController.swift in Sources */,
				FC85E44F1DE4B715004AE574 /* MessageCell.swift in Sources */,
				FC85E45E1DE7B2F8004AE574 /* Model.xcdatamodeld in Sources */,
				FC7F23541DF39F9F0086F375 /* ContextSynchronizer.swift in Sources */,
				FC6E9A0F1DEFCADC006EDFE2 /* NewGroupViewController.swift in Sources */,
				FC115EA81E26CFC2006AB6FB /* FirebaseService.swift in Sources */,
				FC7F23581DF411580086F375 /* FavoritesViewController.swift in Sources */,
				FC85E45B1DE7A314004AE574 /* CoreDataHelper.swift in Sources */,
				FCDE7C101DEDE7DD0049F1D0 /* UIViewController+SetupMainView.swift in Sources */,
				FC7F234A1DF33CCC0086F375 /* ContextViewController.swift in Sources */,
				FC43E22E1E01F64D002110E5 /* RemoteStore.swift in Sources */,
				FC7F23561DF40C8B0086F375 /* FavoriteCell.swift in Sources */,
				FC85E43A1DE3DB48004AE574 /* MessageViewController.swift in Sources */,
				FC85E4581DE6362A004AE574 /* UITableView+Scroll.swift in Sources */,
				FC1547621DED57CC009037ED /* Contact+CoreDataClass.swift in Sources */,
				FC85E4721DECDB20004AE574 /* AllConversationsViewController.swift in Sources */,
				FC85E4701DECACDB004AE574 /* ConversationCell.swift in Sources */,
				FC06CD0F1DF0ADA500C04162 /* Conversation+CoreDataProperties.swift in Sources */,
				FC7F234E1DF369F40086F375 /* UITableViewFetchedResutsController.swift in Sources */,
				FC06CD121DF0B1A200C04162 /* SelectParticipantsViewController.swift in Sources */,
				FC7F235B1DF41CD80086F375 /* PhoneNumber+CoreDataProperties.swift in Sources */,
				FC85E4691DECA4AE004AE574 /* Conversation+CoreDataClass.swift in Sources */,
				FC85E4381DE3DB48004AE574 /* AppDelegate.swift in Sources */,
				FC85E46D1DECA4F3004AE574 /* Message+CoreDataClass.swift in Sources */,
				FCDE7C1B1DEE41C80049F1D0 /* ConversationBeganDelegate.swift in Sources */,
				FC7F23471DF2ACF50086F375 /* PhoneNumber+CoreDataClass.swift in Sources */,
				FC7F230A1DF273950086F375 /* ContactImporter.swift in Sources */,
				FC6E9A0D1DEE9FDA006EDFE2 /* Message+CoreDataProperties.swift in Sources */,
				FC7F23521DF38E9E0086F375 /* ContactSelector.swift in Sources */,
			);
			runOnlyForDeploymentPostprocessing = 0;
		};
/* End PBXSourcesBuildPhase section */

/* Begin PBXVariantGroup section */
		FC85E43B1DE3DB48004AE574 /* Main.storyboard */ = {
			isa = PBXVariantGroup;
			children = (
				FC85E43C1DE3DB48004AE574 /* Base */,
			);
			name = Main.storyboard;
			sourceTree = "<group>";
		};
		FC85E4401DE3DB48004AE574 /* LaunchScreen.storyboard */ = {
			isa = PBXVariantGroup;
			children = (
				FC85E4411DE3DB48004AE574 /* Base */,
			);
			name = LaunchScreen.storyboard;
			sourceTree = "<group>";
		};
/* End PBXVariantGroup section */

/* Begin XCBuildConfiguration section */
		FC85E4441DE3DB48004AE574 /* Debug */ = {
			isa = XCBuildConfiguration;
			buildSettings = {
				ALWAYS_SEARCH_USER_PATHS = NO;
				CLANG_ANALYZER_NONNULL = YES;
				CLANG_CXX_LANGUAGE_STANDARD = "gnu++0x";
				CLANG_CXX_LIBRARY = "libc++";
				CLANG_ENABLE_MODULES = YES;
				CLANG_ENABLE_OBJC_ARC = YES;
				CLANG_WARN_BOOL_CONVERSION = YES;
				CLANG_WARN_CONSTANT_CONVERSION = YES;
				CLANG_WARN_DIRECT_OBJC_ISA_USAGE = YES_ERROR;
				CLANG_WARN_DOCUMENTATION_COMMENTS = YES;
				CLANG_WARN_EMPTY_BODY = YES;
				CLANG_WARN_ENUM_CONVERSION = YES;
				CLANG_WARN_INFINITE_RECURSION = YES;
				CLANG_WARN_INT_CONVERSION = YES;
				CLANG_WARN_OBJC_ROOT_CLASS = YES_ERROR;
				CLANG_WARN_SUSPICIOUS_MOVES = YES;
				CLANG_WARN_UNREACHABLE_CODE = YES;
				CLANG_WARN__DUPLICATE_METHOD_MATCH = YES;
				"CODE_SIGN_IDENTITY[sdk=iphoneos*]" = "iPhone Developer";
				COPY_PHASE_STRIP = NO;
				DEBUG_INFORMATION_FORMAT = dwarf;
				ENABLE_STRICT_OBJC_MSGSEND = YES;
				ENABLE_TESTABILITY = YES;
				GCC_C_LANGUAGE_STANDARD = gnu99;
				GCC_DYNAMIC_NO_PIC = NO;
				GCC_NO_COMMON_BLOCKS = YES;
				GCC_OPTIMIZATION_LEVEL = 0;
				GCC_PREPROCESSOR_DEFINITIONS = (
					"DEBUG=1",
					"$(inherited)",
				);
				GCC_WARN_64_TO_32_BIT_CONVERSION = YES;
				GCC_WARN_ABOUT_RETURN_TYPE = YES_ERROR;
				GCC_WARN_UNDECLARED_SELECTOR = YES;
				GCC_WARN_UNINITIALIZED_AUTOS = YES_AGGRESSIVE;
				GCC_WARN_UNUSED_FUNCTION = YES;
				GCC_WARN_UNUSED_VARIABLE = YES;
				IPHONEOS_DEPLOYMENT_TARGET = 10.0;
				MTL_ENABLE_DEBUG_INFO = YES;
				ONLY_ACTIVE_ARCH = YES;
				SDKROOT = iphoneos;
				SWIFT_ACTIVE_COMPILATION_CONDITIONS = DEBUG;
				SWIFT_OPTIMIZATION_LEVEL = "-Onone";
				TARGETED_DEVICE_FAMILY = "1,2";
			};
			name = Debug;
		};
		FC85E4451DE3DB48004AE574 /* Release */ = {
			isa = XCBuildConfiguration;
			buildSettings = {
				ALWAYS_SEARCH_USER_PATHS = NO;
				CLANG_ANALYZER_NONNULL = YES;
				CLANG_CXX_LANGUAGE_STANDARD = "gnu++0x";
				CLANG_CXX_LIBRARY = "libc++";
				CLANG_ENABLE_MODULES = YES;
				CLANG_ENABLE_OBJC_ARC = YES;
				CLANG_WARN_BOOL_CONVERSION = YES;
				CLANG_WARN_CONSTANT_CONVERSION = YES;
				CLANG_WARN_DIRECT_OBJC_ISA_USAGE = YES_ERROR;
				CLANG_WARN_DOCUMENTATION_COMMENTS = YES;
				CLANG_WARN_EMPTY_BODY = YES;
				CLANG_WARN_ENUM_CONVERSION = YES;
				CLANG_WARN_INFINITE_RECURSION = YES;
				CLANG_WARN_INT_CONVERSION = YES;
				CLANG_WARN_OBJC_ROOT_CLASS = YES_ERROR;
				CLANG_WARN_SUSPICIOUS_MOVES = YES;
				CLANG_WARN_UNREACHABLE_CODE = YES;
				CLANG_WARN__DUPLICATE_METHOD_MATCH = YES;
				"CODE_SIGN_IDENTITY[sdk=iphoneos*]" = "iPhone Developer";
				COPY_PHASE_STRIP = NO;
				DEBUG_INFORMATION_FORMAT = "dwarf-with-dsym";
				ENABLE_NS_ASSERTIONS = NO;
				ENABLE_STRICT_OBJC_MSGSEND = YES;
				GCC_C_LANGUAGE_STANDARD = gnu99;
				GCC_NO_COMMON_BLOCKS = YES;
				GCC_WARN_64_TO_32_BIT_CONVERSION = YES;
				GCC_WARN_ABOUT_RETURN_TYPE = YES_ERROR;
				GCC_WARN_UNDECLARED_SELECTOR = YES;
				GCC_WARN_UNINITIALIZED_AUTOS = YES_AGGRESSIVE;
				GCC_WARN_UNUSED_FUNCTION = YES;
				GCC_WARN_UNUSED_VARIABLE = YES;
				IPHONEOS_DEPLOYMENT_TARGET = 10.0;
				MTL_ENABLE_DEBUG_INFO = NO;
				SDKROOT = iphoneos;
				SWIFT_OPTIMIZATION_LEVEL = "-Owholemodule";
				TARGETED_DEVICE_FAMILY = "1,2";
				VALIDATE_PRODUCT = YES;
			};
			name = Release;
		};
		FC85E4471DE3DB48004AE574 /* Debug */ = {
			isa = XCBuildConfiguration;
			baseConfigurationReference = CF094B809D543E69C1F253B7 /* Pods-Inbox.debug.xcconfig */;
			buildSettings = {
				ASSETCATALOG_COMPILER_APPICON_NAME = AppIcon;
				"CODE_SIGN_IDENTITY[sdk=iphoneos*]" = "iPhone Developer";
				DEVELOPMENT_TEAM = 89W2VT2ZMS;
				INFOPLIST_FILE = Inbox/Info.plist;
				IPHONEOS_DEPLOYMENT_TARGET = 9.0;
				LD_RUNPATH_SEARCH_PATHS = "$(inherited) @executable_path/Frameworks";
				PRODUCT_BUNDLE_IDENTIFIER = io.MikaelTeklehaimanot.Inbox;
				PRODUCT_NAME = "$(TARGET_NAME)";
				SWIFT_VERSION = 3.0;
			};
			name = Debug;
		};
		FC85E4481DE3DB48004AE574 /* Release */ = {
			isa = XCBuildConfiguration;
			baseConfigurationReference = E7F1682B84D012C883309464 /* Pods-Inbox.release.xcconfig */;
			buildSettings = {
				ASSETCATALOG_COMPILER_APPICON_NAME = AppIcon;
				"CODE_SIGN_IDENTITY[sdk=iphoneos*]" = "iPhone Developer";
				DEVELOPMENT_TEAM = 89W2VT2ZMS;
				INFOPLIST_FILE = Inbox/Info.plist;
				IPHONEOS_DEPLOYMENT_TARGET = 9.0;
				LD_RUNPATH_SEARCH_PATHS = "$(inherited) @executable_path/Frameworks";
				PRODUCT_BUNDLE_IDENTIFIER = io.MikaelTeklehaimanot.Inbox;
				PRODUCT_NAME = "$(TARGET_NAME)";
				SWIFT_VERSION = 3.0;
			};
			name = Release;
		};
/* End XCBuildConfiguration section */

/* Begin XCConfigurationList section */
		FC85E42F1DE3DB48004AE574 /* Build configuration list for PBXProject "Inbox" */ = {
			isa = XCConfigurationList;
			buildConfigurations = (
				FC85E4441DE3DB48004AE574 /* Debug */,
				FC85E4451DE3DB48004AE574 /* Release */,
			);
			defaultConfigurationIsVisible = 0;
			defaultConfigurationName = Release;
		};
		FC85E4461DE3DB48004AE574 /* Build configuration list for PBXNativeTarget "Inbox" */ = {
			isa = XCConfigurationList;
			buildConfigurations = (
				FC85E4471DE3DB48004AE574 /* Debug */,
				FC85E4481DE3DB48004AE574 /* Release */,
			);
			defaultConfigurationIsVisible = 0;
			defaultConfigurationName = Release;
		};
/* End XCConfigurationList section */

/* Begin XCVersionGroup section */
		FC85E45C1DE7B2F8004AE574 /* Model.xcdatamodeld */ = {
			isa = XCVersionGroup;
			children = (
				FC85E45D1DE7B2F8004AE574 /* Model.xcdatamodel */,
			);
			currentVersion = FC85E45D1DE7B2F8004AE574 /* Model.xcdatamodel */;
			path = Model.xcdatamodeld;
			sourceTree = "<group>";
			versionGroupType = wrapper.xcdatamodel;
		};
/* End XCVersionGroup section */
	};
	rootObject = FC85E42C1DE3DB48004AE574 /* Project object */;
}
